Microsoft Visual Studio Solution File, Format Version 12.00
# Visual Studio 2012
Project("{FAE04EC0-301F-11D3-BF4B-00C04F79EFBC}") = "Maze", "Maze.csproj", "{F7832C23-DD81-4C36-B25C-A1B96817534F}"
EndProject
Global
	GlobalSection(SolutionConfigurationPlatforms) = preSolution
	Debug|Any CPU = Debug|Any CPU
	ExportDebug|Any CPU = ExportDebug|Any CPU
	ExportRelease|Any CPU = ExportRelease|Any CPU
	EndGlobalSection
	GlobalSection(ProjectConfigurationPlatforms) = postSolution
		{F7832C23-DD81-4C36-B25C-A1B96817534F}.Debug|Any CPU.ActiveCfg = Debug|Any CPU
		{F7832C23-DD81-4C36-B25C-A1B96817534F}.Debug|Any CPU.Build.0 = Debug|Any CPU
		{F7832C23-DD81-4C36-B25C-A1B96817534F}.ExportDebug|Any CPU.ActiveCfg = ExportDebug|Any CPU
		{F7832C23-DD81-4C36-B25C-A1B96817534F}.ExportDebug|Any CPU.Build.0 = ExportDebug|Any CPU
		{F7832C23-DD81-4C36-B25C-A1B96817534F}.ExportRelease|Any CPU.ActiveCfg = ExportRelease|Any CPU
		{F7832C23-DD81-4C36-B25C-A1B96817534F}.ExportRelease|Any CPU.Build.0 = ExportRelease|Any CPU
	EndGlobalSection
EndGlobal
